{
    "_readme": [
        "This file locks the dependencies of your project to a known state",
        "Read more about it at https://getcomposer.org/doc/01-basic-usage.md#installing-dependencies",
        "This file is @generated automatically"
    ],
    "content-hash": "e66c5d4a2ba8c0e6636b0c2227f5dcbc",
    "packages": [
        {
            "name": "mindbox/sdk",
            "version": "1.0.2",
            "source": {
                "type": "git",
                "url": "https://github.com/mindbox-moscow/php-sdk.git",
                "reference": "10fb42d25d5fbd7181267bed74f670548542fce0"
            },
            "dist": {
                "type": "zip",
                "url": "https://api.github.com/repos/mindbox-moscow/php-sdk/zipball/10fb42d25d5fbd7181267bed74f670548542fce0",
                "reference": "10fb42d25d5fbd7181267bed74f670548542fce0",
                "shasum": ""
            },
            "require": {
                "ext-json": "*",
                "ext-libxml": "*",
                "ext-simplexml": "*",
                "php": "^5.6|^7.0",
                "psr/log": "^1.1"
            },
            "require-dev": {
                "mikey179/vfsstream": "*",
                "phpunit/phpunit": "^5",
                "squizlabs/php_codesniffer": "^3.4"
            },
            "suggest": {
                "ext-curl": "*"
            },
            "type": "library",
            "autoload": {
                "psr-4": {
                    "Mindbox\\": "src/"
                }
            },
            "notification-url": "https://packagist.org/downloads/",
            "description": "Mindbox SDK for PHP",
            "keywords": [
                "mindbox",
                "sdk"
            ],
            "time": "2021-06-02T13:15:00+00:00"
        },
        {
            "name": "psr/log",
            "version": "1.1.4",
            "source": {
                "type": "git",
                "url": "https://github.com/php-fig/log.git",
                "reference": "d49695b909c3b7628b6289db5479a1c204601f11"
            },
            "dist": {
                "type": "zip",
                "url": "https://api.github.com/repos/php-fig/log/zipball/d49695b909c3b7628b6289db5479a1c204601f11",
                "reference": "d49695b909c3b7628b6289db5479a1c204601f11",
                "shasum": ""
            },
            "require": {
                "php": ">=5.3.0"
            },
            "type": "library",
            "extra": {
                "branch-alias": {
                    "dev-master": "1.1.x-dev"
                }
            },
            "autoload": {
                "psr-4": {
                    "Psr\\Log\\": "Psr/Log/"
                }
            },
            "notification-url": "https://packagist.org/downloads/",
            "license": [
                "MIT"
            ],
            "authors": [
                {
                    "name": "PHP-FIG",
                    "homepage": "https://www.php-fig.org/"
                }
            ],
            "description": "Common interface for logging libraries",
            "homepage": "https://github.com/php-fig/log",
            "keywords": [
                "log",
                "psr",
                "psr-3"
            ],
            "time": "2021-05-03T11:20:27+00:00"
        }
    ],
    "packages-dev": [],
    "aliases": [],
    "minimum-stability": "stable",
    "stability-flags": [],
    "prefer-stable": false,
    "prefer-lowest": false,
    "platform": [],
    "platform-dev": [],
    "plugin-api-version": "1.1.0"
}
