{
    "_readme": [
        "This file locks the dependencies of your project to a known state",
        "Read more about it at https://getcomposer.org/doc/01-basic-usage.md#composer-lock-the-lock-file",
        "This file is @generated automatically"
    ],
    "content-hash": "1b079956559e59151c0dc72064de01a5",
    "packages": [
        {
            "name": "mindbox/sdk",
            "version": "1.0.0",
            "source": {
                "type": "git",
                "url": "https://github.com/mindbox-moscow/php-sdk.git",
                "reference": "7dd8fc69099afe4d44f32abc449dddd720adab41"
            },
            "dist": {
                "type": "zip",
                "url": "https://api.github.com/repos/mindbox-moscow/php-sdk/zipball/7dd8fc69099afe4d44f32abc449dddd720adab41",
                "reference": "7dd8fc69099afe4d44f32abc449dddd720adab41",
                "shasum": ""
            },
            "require": {
                "ext-json": "*",
                "ext-libxml": "*",
                "ext-simplexml": "*",
                "php": "^5.6|^7.0",
                "psr/log": "^1.1"
            },
            "require-dev": {
                "mikey179/vfsstream": "*",
                "phpunit/phpunit": "^5",
                "squizlabs/php_codesniffer": "^3.4"
            },
            "suggest": {
                "ext-curl": "*"
            },
            "type": "library",
            "autoload": {
                "psr-4": {
                    "Mindbox\\": "src/"
                }
            },
            "notification-url": "https://packagist.org/downloads/",
            "description": "Mindbox SDK for PHP",
            "keywords": [
                "mindbox",
                "sdk"
            ],
            "time": "2019-05-06T11:50:48+00:00"
        },
        {
            "name": "psr/log",
            "version": "1.1.3",
            "source": {
                "type": "git",
                "url": "https://github.com/php-fig/log.git",
                "reference": "0f73288fd15629204f9d42b7055f72dacbe811fc"
            },
            "dist": {
                "type": "zip",
                "url": "https://api.github.com/repos/php-fig/log/zipball/0f73288fd15629204f9d42b7055f72dacbe811fc",
                "reference": "0f73288fd15629204f9d42b7055f72dacbe811fc",
                "shasum": ""
            },
            "require": {
                "php": ">=5.3.0"
            },
            "type": "library",
            "extra": {
                "branch-alias": {
                    "dev-master": "1.1.x-dev"
                }
            },
            "autoload": {
                "psr-4": {
                    "Psr\\Log\\": "Psr/Log/"
                }
            },
            "notification-url": "https://packagist.org/downloads/",
            "license": [
                "MIT"
            ],
            "authors": [
                {
                    "name": "PHP-FIG",
                    "homepage": "http://www.php-fig.org/"
                }
            ],
            "description": "Common interface for logging libraries",
            "homepage": "https://github.com/php-fig/log",
            "keywords": [
                "log",
                "psr",
                "psr-3"
            ],
            "time": "2020-03-23T09:12:05+00:00"
        }
    ],
    "packages-dev": [],
    "aliases": [],
    "minimum-stability": "stable",
    "stability-flags": [],
    "prefer-stable": false,
    "prefer-lowest": false,
    "platform": [],
    "platform-dev": []
}
